
Microsoft Visual Studio Solution File, Format Version 12.00
# Visual Studio 15
VisualStudioVersion = 15.0.26730.15
MinimumVisualStudioVersion = 10.0.40219.1
Project("{FAE04EC0-301F-11D3-BF4B-00C04F79EFBC}") = "Katas.CleanCode", "Katas.CleanCode\Katas.CleanCode.csproj", "{BE8F8BD9-A345-46DE-9D9D-689C71CD1C53}"
EndProject
Project("{2150E333-8FDC-42A3-9474-1A3956D46DE8}") = "Solution Items", "Solution Items", "{671E4BE3-5FD2-47BD-BE8B-1718CF1F070C}"
	ProjectSection(SolutionItems) = preProject
		ReadMe.md = ReadMe.md
	EndProjectSection
EndProject
Project("{FAE04EC0-301F-11D3-BF4B-00C04F79EFBC}") = "Katas.CleanCode.Tests", "Katas.CleanCode.Tests\Katas.CleanCode.Tests.csproj", "{C3E19468-4485-4441-95DA-AB23C25D32CA}"
EndProject
Global
	GlobalSection(SolutionConfigurationPlatforms) = preSolution
		Debug|Any CPU = Debug|Any CPU
		Release|Any CPU = Release|Any CPU
	EndGlobalSection
	GlobalSection(ProjectConfigurationPlatforms) = postSolution
		{BE8F8BD9-A345-46DE-9D9D-689C71CD1C53}.Debug|Any CPU.ActiveCfg = Debug|Any CPU
		{BE8F8BD9-A345-46DE-9D9D-689C71CD1C53}.Debug|Any CPU.Build.0 = Debug|Any CPU
		{BE8F8BD9-A345-46DE-9D9D-689C71CD1C53}.Release|Any CPU.ActiveCfg = Release|Any CPU
		{BE8F8BD9-A345-46DE-9D9D-689C71CD1C53}.Release|Any CPU.Build.0 = Release|Any CPU
		{C3E19468-4485-4441-95DA-AB23C25D32CA}.Debug|Any CPU.ActiveCfg = Debug|Any CPU
		{C3E19468-4485-4441-95DA-AB23C25D32CA}.Debug|Any CPU.Build.0 = Debug|Any CPU
		{C3E19468-4485-4441-95DA-AB23C25D32CA}.Release|Any CPU.ActiveCfg = Release|Any CPU
		{C3E19468-4485-4441-95DA-AB23C25D32CA}.Release|Any CPU.Build.0 = Release|Any CPU
	EndGlobalSection
	GlobalSection(SolutionProperties) = preSolution
		HideSolutionNode = FALSE
	EndGlobalSection
	GlobalSection(ExtensibilityGlobals) = postSolution
		SolutionGuid = {1054EF6B-67C0-437D-BCA9-264D6BFD5078}
	EndGlobalSection
EndGlobal
